
Microsoft Visual Studio Solution File, Format Version 12.00
# Visual Studio Version 16
VisualStudioVersion = 16.0.33801.447
MinimumVisualStudioVersion = 10.0.40219.1
Project("{FAE04EC0-301F-11D3-BF4B-00C04F79EFBC}") = "MvcDoll", "MvcDoll.csproj", "{77E38FBB-E863-4478-932B-800496202283}"
EndProject
Global
	GlobalSection(SolutionConfigurationPlatforms) = preSolution
		Debug|Any CPU = Debug|Any CPU
		Release|Any CPU = Release|Any CPU
	EndGlobalSection
	GlobalSection(ProjectConfigurationPlatforms) = postSolution
		{77E38FBB-E863-4478-932B-800496202283}.Debug|Any CPU.ActiveCfg = Debug|Any CPU
		{77E38FBB-E863-4478-932B-800496202283}.Debug|Any CPU.Build.0 = Debug|Any CPU
		{77E38FBB-E863-4478-932B-800496202283}.Release|Any CPU.ActiveCfg = Release|Any CPU
		{77E38FBB-E863-4478-932B-800496202283}.Release|Any CPU.Build.0 = Release|Any CPU
	EndGlobalSection
	GlobalSection(SolutionProperties) = preSolution
		HideSolutionNode = FALSE
	EndGlobalSection
	GlobalSection(ExtensibilityGlobals) = postSolution
		SolutionGuid = {CB4D05F8-1769-4F47-9D22-E6A0F81B4BD4}
	EndGlobalSection
EndGlobal
